{
  "name": "@sukoyaka-dopeness/e2r-validator",
  "version": "0.1.0",
  "lockfileVersion": 3,
  "requires": true,
  "packages": {
    "": {
      "name": "@sukoyaka-dopeness/e2r-validator",
      "version": "0.1.0",
      "bin": {
        "e2r-validator": "src/cli.js"
      },
      "engines": {
        "node": ">=20"
      }
    }
  }
}
